
Microsoft Visual Studio Solution File, Format Version 12.00
# Visual Studio Version 17
VisualStudioVersion = 17.4.33403.182
MinimumVisualStudioVersion = 10.0.40219.1
Project("{9A19103F-16F7-4668-BE54-9A1E7A4F7556}") = "REST", "REST\REST.csproj", "{44E02144-43F8-47A8-9D89-AF8471510435}"
EndProject
Project("{2150E333-8FDC-42A3-9474-1A3956D46DE8}") = "Solution Items", "Solution Items", "{F36D5454-B3D7-405B-9C60-5C936AD54B88}"
	ProjectSection(SolutionItems) = preProject
		README.md = README.md
	EndProjectSection
EndProject
Global
	GlobalSection(SolutionConfigurationPlatforms) = preSolution
		Debug|Any CPU = Debug|Any CPU
		Release|Any CPU = Release|Any CPU
	EndGlobalSection
	GlobalSection(ProjectConfigurationPlatforms) = postSolution
		{44E02144-43F8-47A8-9D89-AF8471510435}.Debug|Any CPU.ActiveCfg = Debug|Any CPU
		{44E02144-43F8-47A8-9D89-AF8471510435}.Debug|Any CPU.Build.0 = Debug|Any CPU
		{44E02144-43F8-47A8-9D89-AF8471510435}.Release|Any CPU.ActiveCfg = Release|Any CPU
		{44E02144-43F8-47A8-9D89-AF8471510435}.Release|Any CPU.Build.0 = Release|Any CPU
	EndGlobalSection
	GlobalSection(SolutionProperties) = preSolution
		HideSolutionNode = FALSE
	EndGlobalSection
	GlobalSection(ExtensibilityGlobals) = postSolution
		SolutionGuid = {8D240C0B-8A87-4057-85BF-CF0FA529AC17}
	EndGlobalSection
EndGlobal
